{
  "name": "vollib",
  "version": "0.1.1",
  "lockfileVersion": 3,
  "requires": true,
  "packages": {
    "": {
      "name": "vollib",
      "version": "0.1.1",
      "license": "MIT",
      "dependencies": {
        "lets-be-rational": "file:../lets-be-rational-ts"
      },
      "devDependencies": {
        "@types/node": "^20.11.30",
        "typescript": "^5.4.5"
      }
    },
    "../lets-be-rational-ts": {
      "name": "lets-be-rational",
      "version": "0.1.0",
      "license": "MIT",
      "dependencies": {
        "cody-special": "file:../cody-special-ts",
        "piecewise-rational": "file:../piecewise-rational-ts"
      },
      "devDependencies": {
        "@types/node": "^20.11.30",
        "typescript": "^5.4.5"
      }
    },
    "node_modules/@types/node": {
      "version": "20.19.39",
      "dev": true,
      "license": "MIT",
      "dependencies": {
        "undici-types": "~6.21.0"
      }
    },
    "node_modules/lets-be-rational": {
      "resolved": "../lets-be-rational-ts",
      "link": true
    },
    "node_modules/typescript": {
      "version": "5.9.3",
      "dev": true,
      "license": "Apache-2.0",
      "bin": {
        "tsc": "bin/tsc",
        "tsserver": "bin/tsserver"
      },
      "engines": {
        "node": ">=14.17"
      }
    },
    "node_modules/undici-types": {
      "version": "6.21.0",
      "dev": true,
      "license": "MIT"
    }
  }
}
